<?xml version="1.0" encoding="utf-8"?>
<Project ToolsVersion="4.0" xmlns="http://schemas.microsoft.com/developer/msbuild/2003">
  <ItemGroup>
    <Filter Include="Source Files">
      <UniqueIdentifier>{4FC737F1-C7A5-4376-A066-2A32D752A2FF}</UniqueIdentifier>
      <Extensions>cpp;c;cc;cxx;def;odl;idl;hpj;bat;asm;asmx</Extensions>
    </Filter>
    <Filter Include="Header Files">
      <UniqueIdentifier>{93995380-89BD-4b04-88EB-625FBE52EBFB}</UniqueIdentifier>
      <Extensions>h;hh;hpp;hxx;hm;inl;inc;xsd</Extensions>
    </Filter>
    <Filter Include="Resource Files">
      <UniqueIdentifier>{67DA6AB6-F800-4c08-8B7A-83BB121AAD01}</UniqueIdentifier>
      <Extensions>rc;ico;cur;bmp;dlg;rc2;rct;bin;rgs;gif;jpg;jpeg;jpe;resx;tiff;tif;png;wav;mfcribbon-ms</Extensions>
    </Filter>
  </ItemGroup>
  <ItemGroup>
    <ClCompile Include="los\windows\lwindowapplication.cpp">
      <Filter>Source Files</Filter>
    </ClCompile>
    <ClCompile Include="los\lapplication.cpp">
      <Filter>Source Files</Filter>
    </ClCompile>
    <ClCompile Include="los\linput.cpp">
      <Filter>Source Files</Filter>
    </ClCompile>
    <ClCompile Include="lgfx\D3D9\ld3d9device.cpp">
      <Filter>Source Files</Filter>
    </ClCompile>
    <ClCompile Include="lgfx\D3D9\ld3d9indexbuffer.cpp">
      <Filter>Source Files</Filter>
    </ClCompile>
    <ClCompile Include="lgfx\D3D9\ld3d9shader.cpp">
      <Filter>Source Files</Filter>
    </ClCompile>
    <ClCompile Include="lgfx\D3D9\ld3d9texture.cpp">
      <Filter>Source Files</Filter>
    </ClCompile>
    <ClCompile Include="lgfx\D3D9\ld3d9vertexbuffer.cpp">
      <Filter>Source Files</Filter>
    </ClCompile>
    <ClCompile Include="lgfx\lgfxdevice.cpp">
      <Filter>Source Files</Filter>
    </ClCompile>
    <ClCompile Include="lgfx\lgfxindexbuffer.cpp">
      <Filter>Source Files</Filter>
    </ClCompile>
    <ClCompile Include="lgfx\lgfxshader.cpp">
      <Filter>Source Files</Filter>
    </ClCompile>
    <ClCompile Include="lgfx\lgfxtexture.cpp">
      <Filter>Source Files</Filter>
    </ClCompile>
    <ClCompile Include="lgfx\lgfxvertexbuffer.cpp">
      <Filter>Source Files</Filter>
    </ClCompile>
    <ClCompile Include="lgfx\limage.cpp">
      <Filter>Source Files</Filter>
    </ClCompile>
    <ClCompile Include="lcore\lboundingbox.cpp">
      <Filter>Source Files</Filter>
    </ClCompile>
    <ClCompile Include="lcore\lboundingsphere.cpp">
      <Filter>Source Files</Filter>
    </ClCompile>
    <ClCompile Include="lcore\lfile.cpp">
      <Filter>Source Files</Filter>
    </ClCompile>
    <ClCompile Include="lcore\lfunction.cpp">
      <Filter>Source Files</Filter>
    </ClCompile>
    <ClCompile Include="lcore\llist.cpp">
      <Filter>Source Files</Filter>
    </ClCompile>
    <ClCompile Include="lcore\llog.cpp">
      <Filter>Source Files</Filter>
    </ClCompile>
    <ClCompile Include="lcore\lmap.cpp">
      <Filter>Source Files</Filter>
    </ClCompile>
    <ClCompile Include="lcore\lmathutility.cpp">
      <Filter>Source Files</Filter>
    </ClCompile>
    <ClCompile Include="lcore\lmatrix.cpp">
      <Filter>Source Files</Filter>
    </ClCompile>
    <ClCompile Include="lcore\lmemory.cpp">
      <Filter>Source Files</Filter>
    </ClCompile>
    <ClCompile Include="lcore\lmemorylog.cpp">
      <Filter>Source Files</Filter>
    </ClCompile>
    <ClCompile Include="lcore\lmemorymanager.cpp">
      <Filter>Source Files</Filter>
    </ClCompile>
    <ClCompile Include="lcore\lmemorystream.cpp">
      <Filter>Source Files</Filter>
    </ClCompile>
    <ClCompile Include="lcore\lpair.cpp">
      <Filter>Source Files</Filter>
    </ClCompile>
    <ClCompile Include="lcore\lplane.cpp">
      <Filter>Source Files</Filter>
    </ClCompile>
    <ClCompile Include="lcore\lquaternion.cpp">
      <Filter>Source Files</Filter>
    </ClCompile>
    <ClCompile Include="lcore\lray.cpp">
      <Filter>Source Files</Filter>
    </ClCompile>
    <ClCompile Include="lcore\lstring.cpp">
      <Filter>Source Files</Filter>
    </ClCompile>
    <ClCompile Include="lcore\ltriangle.cpp">
      <Filter>Source Files</Filter>
    </ClCompile>
    <ClCompile Include="lcore\lutility.cpp">
      <Filter>Source Files</Filter>
    </ClCompile>
    <ClCompile Include="lcore\lvariant.cpp">
      <Filter>Source Files</Filter>
    </ClCompile>
    <ClCompile Include="lcore\lvector.cpp">
      <Filter>Source Files</Filter>
    </ClCompile>
    <ClCompile Include="lcore\lvector2.cpp">
      <Filter>Source Files</Filter>
    </ClCompile>
    <ClCompile Include="lcore\lvector3.cpp">
      <Filter>Source Files</Filter>
    </ClCompile>
    <ClCompile Include="lcore\lvector4.cpp">
      <Filter>Source Files</Filter>
    </ClCompile>
    <ClCompile Include="main.cpp">
      <Filter>Source Files</Filter>
    </ClCompile>
  </ItemGroup>
  <ItemGroup>
    <ClInclude Include="los\windows\lwindowapplication.h">
      <Filter>Header Files</Filter>
    </ClInclude>
    <ClInclude Include="los\lapplication.h">
      <Filter>Header Files</Filter>
    </ClInclude>
    <ClInclude Include="los\linput.h">
      <Filter>Header Files</Filter>
    </ClInclude>
    <ClInclude Include="lgfx\D3D9\ld3d9.h">
      <Filter>Header Files</Filter>
    </ClInclude>
    <ClInclude Include="lgfx\D3D9\ld3d9device.h">
      <Filter>Header Files</Filter>
    </ClInclude>
    <ClInclude Include="lgfx\D3D9\ld3d9indexbuffer.h">
      <Filter>Header Files</Filter>
    </ClInclude>
    <ClInclude Include="lgfx\D3D9\ld3d9shader.h">
      <Filter>Header Files</Filter>
    </ClInclude>
    <ClInclude Include="lgfx\D3D9\ld3d9texture.h">
      <Filter>Header Files</Filter>
    </ClInclude>
    <ClInclude Include="lgfx\D3D9\ld3d9vertexbuffer.h">
      <Filter>Header Files</Filter>
    </ClInclude>
    <ClInclude Include="lgfx\lgfxdevice.h">
      <Filter>Header Files</Filter>
    </ClInclude>
    <ClInclude Include="lgfx\lgfxindexbuffer.h">
      <Filter>Header Files</Filter>
    </ClInclude>
    <ClInclude Include="lgfx\lgfxshader.h">
      <Filter>Header Files</Filter>
    </ClInclude>
    <ClInclude Include="lgfx\lgfxtexture.h">
      <Filter>Header Files</Filter>
    </ClInclude>
    <ClInclude Include="lgfx\lgfxvertexbuffer.h">
      <Filter>Header Files</Filter>
    </ClInclude>
    <ClInclude Include="lgfx\limage.h">
      <Filter>Header Files</Filter>
    </ClInclude>
    <ClInclude Include="lcore\lboundingbox.h">
      <Filter>Header Files</Filter>
    </ClInclude>
    <ClInclude Include="lcore\lboundingsphere.h">
      <Filter>Header Files</Filter>
    </ClInclude>
    <ClInclude Include="lcore\ldefines.h">
      <Filter>Header Files</Filter>
    </ClInclude>
    <ClInclude Include="lcore\lfile.h">
      <Filter>Header Files</Filter>
    </ClInclude>
    <ClInclude Include="lcore\lfunction.h">
      <Filter>Header Files</Filter>
    </ClInclude>
    <ClInclude Include="lcore\llist.h">
      <Filter>Header Files</Filter>
    </ClInclude>
    <ClInclude Include="lcore\llog.h">
      <Filter>Header Files</Filter>
    </ClInclude>
    <ClInclude Include="lcore\lmap.h">
      <Filter>Header Files</Filter>
    </ClInclude>
    <ClInclude Include="lcore\lmath.h">
      <Filter>Header Files</Filter>
    </ClInclude>
    <ClInclude Include="lcore\lmathutility.h">
      <Filter>Header Files</Filter>
    </ClInclude>
    <ClInclude Include="lcore\lmatrix.h">
      <Filter>Header Files</Filter>
    </ClInclude>
    <ClInclude Include="lcore\lmemory.h">
      <Filter>Header Files</Filter>
    </ClInclude>
    <ClInclude Include="lcore\lmemorylog.h">
      <Filter>Header Files</Filter>
    </ClInclude>
    <ClInclude Include="lcore\lmemorymanager.h">
      <Filter>Header Files</Filter>
    </ClInclude>
    <ClInclude Include="lcore\lmemorystream.h">
      <Filter>Header Files</Filter>
    </ClInclude>
    <ClInclude Include="lcore\lpair.h">
      <Filter>Header Files</Filter>
    </ClInclude>
    <ClInclude Include="lcore\lplane.h">
      <Filter>Header Files</Filter>
    </ClInclude>
    <ClInclude Include="lcore\lquaternion.h">
      <Filter>Header Files</Filter>
    </ClInclude>
    <ClInclude Include="lcore\lray.h">
      <Filter>Header Files</Filter>
    </ClInclude>
    <ClInclude Include="lcore\lstring.h">
      <Filter>Header Files</Filter>
    </ClInclude>
    <ClInclude Include="lcore\ltriangle.h">
      <Filter>Header Files</Filter>
    </ClInclude>
    <ClInclude Include="lcore\lutility.h">
      <Filter>Header Files</Filter>
    </ClInclude>
    <ClInclude Include="lcore\lvariant.h">
      <Filter>Header Files</Filter>
    </ClInclude>
    <ClInclude Include="lcore\lvector.h">
      <Filter>Header Files</Filter>
    </ClInclude>
    <ClInclude Include="lcore\lvector2.h">
      <Filter>Header Files</Filter>
    </ClInclude>
    <ClInclude Include="lcore\lvector3.h">
      <Filter>Header Files</Filter>
    </ClInclude>
    <ClInclude Include="lcore\lvector4.h">
      <Filter>Header Files</Filter>
    </ClInclude>
    <ClInclude Include="lconfig.h">
      <Filter>Header Files</Filter>
    </ClInclude>
    <ClInclude Include="lcore.h">
      <Filter>Header Files</Filter>
    </ClInclude>
    <ClInclude Include="lgfx.h">
      <Filter>Header Files</Filter>
    </ClInclude>
    <ClInclude Include="los.h">
      <Filter>Header Files</Filter>
    </ClInclude>
  </ItemGroup>
  <ItemGroup>
    <None Include=".gitignore" />
    <None Include="Lightning" />
  </ItemGroup>
</Project>